
Microsoft Visual Studio Solution File, Format Version 12.00
# Visual Studio 15
VisualStudioVersion = 15.0.27703.2035
MinimumVisualStudioVersion = 10.0.40219.1
Project("{FAE04EC0-301F-11D3-BF4B-00C04F79EFBC}") = "CodeTests", "CodeTests\CodeTests.csproj", "{41A44ECD-65A9-43CB-A988-F09B8AEAC9AF}"
EndProject
Project("{FAE04EC0-301F-11D3-BF4B-00C04F79EFBC}") = "CodeTests.Library", "CodeTests.Library\CodeTests.Library.csproj", "{1F5FB3B4-A39F-4BA0-99AC-5E7F83E2B67C}"
EndProject
Project("{FAE04EC0-301F-11D3-BF4B-00C04F79EFBC}") = "CodeTests.Library.Tests", "CodeTests.Library.Tests\CodeTests.Library.Tests.csproj", "{4E7D7EEA-E61B-455B-A8FF-F542117D2E20}"
EndProject
Global
	GlobalSection(SolutionConfigurationPlatforms) = preSolution
		Debug|Any CPU = Debug|Any CPU
		Release|Any CPU = Release|Any CPU
	EndGlobalSection
	GlobalSection(ProjectConfigurationPlatforms) = postSolution
		{41A44ECD-65A9-43CB-A988-F09B8AEAC9AF}.Debug|Any CPU.ActiveCfg = Debug|Any CPU
		{41A44ECD-65A9-43CB-A988-F09B8AEAC9AF}.Debug|Any CPU.Build.0 = Debug|Any CPU
		{41A44ECD-65A9-43CB-A988-F09B8AEAC9AF}.Release|Any CPU.ActiveCfg = Release|Any CPU
		{41A44ECD-65A9-43CB-A988-F09B8AEAC9AF}.Release|Any CPU.Build.0 = Release|Any CPU
		{1F5FB3B4-A39F-4BA0-99AC-5E7F83E2B67C}.Debug|Any CPU.ActiveCfg = Debug|Any CPU
		{1F5FB3B4-A39F-4BA0-99AC-5E7F83E2B67C}.Debug|Any CPU.Build.0 = Debug|Any CPU
		{1F5FB3B4-A39F-4BA0-99AC-5E7F83E2B67C}.Release|Any CPU.ActiveCfg = Release|Any CPU
		{1F5FB3B4-A39F-4BA0-99AC-5E7F83E2B67C}.Release|Any CPU.Build.0 = Release|Any CPU
		{4E7D7EEA-E61B-455B-A8FF-F542117D2E20}.Debug|Any CPU.ActiveCfg = Debug|Any CPU
		{4E7D7EEA-E61B-455B-A8FF-F542117D2E20}.Debug|Any CPU.Build.0 = Debug|Any CPU
		{4E7D7EEA-E61B-455B-A8FF-F542117D2E20}.Release|Any CPU.ActiveCfg = Release|Any CPU
		{4E7D7EEA-E61B-455B-A8FF-F542117D2E20}.Release|Any CPU.Build.0 = Release|Any CPU
	EndGlobalSection
	GlobalSection(SolutionProperties) = preSolution
		HideSolutionNode = FALSE
	EndGlobalSection
	GlobalSection(ExtensibilityGlobals) = postSolution
		SolutionGuid = {3D3580DD-BFD1-453B-9895-6FFEF570FCF9}
	EndGlobalSection
EndGlobal
